
Microsoft Visual Studio Solution File, Format Version 12.00
# Visual Studio Version 16
VisualStudioVersion = 16.0.30804.86
MinimumVisualStudioVersion = 10.0.40219.1
Project("{FAE04EC0-301F-11D3-BF4B-00C04F79EFBC}") = "MovieApi", "MovieApi\MovieApi.csproj", "{EEAA4BF3-41D8-46D2-AA35-99435DE0303F}"
EndProject
Project("{2150E333-8FDC-42A3-9474-1A3956D46DE8}") = "MovieService", "MovieService", "{70AC01E0-29C1-4879-9CB9-08B0710D7F8E}"
EndProject
Project("{FAE04EC0-301F-11D3-BF4B-00C04F79EFBC}") = "BookingApi", "BookingApi\BookingApi.csproj", "{1B60EE95-3B9D-40FB-9466-98D3F8E83E5B}"
EndProject
Project("{2150E333-8FDC-42A3-9474-1A3956D46DE8}") = "BookingService", "BookingService", "{5E0BBE98-822A-496C-B6EE-1ED21F29418C}"
EndProject
Project("{2150E333-8FDC-42A3-9474-1A3956D46DE8}") = "GatewayApi", "GatewayApi", "{1163F46D-FB4B-4079-9372-B4850A2E5A15}"
EndProject
Project("{FAE04EC0-301F-11D3-BF4B-00C04F79EFBC}") = "Request", "Request\Request.csproj", "{2EB68B6A-1EE4-491F-B2C5-185BD2F69661}"
EndProject
Project("{FAE04EC0-301F-11D3-BF4B-00C04F79EFBC}") = "Common", "Common\Common.csproj", "{030DE98C-A57E-4E5C-98C9-76FF251FD79E}"
EndProject
Project("{2150E333-8FDC-42A3-9474-1A3956D46DE8}") = "CommonModel", "CommonModel", "{30860C21-EE6E-47D3-B62D-26BEAA8D1C5B}"
EndProject
Global
	GlobalSection(SolutionConfigurationPlatforms) = preSolution
		Debug|Any CPU = Debug|Any CPU
		Release|Any CPU = Release|Any CPU
	EndGlobalSection
	GlobalSection(ProjectConfigurationPlatforms) = postSolution
		{EEAA4BF3-41D8-46D2-AA35-99435DE0303F}.Debug|Any CPU.ActiveCfg = Debug|Any CPU
		{EEAA4BF3-41D8-46D2-AA35-99435DE0303F}.Debug|Any CPU.Build.0 = Debug|Any CPU
		{EEAA4BF3-41D8-46D2-AA35-99435DE0303F}.Release|Any CPU.ActiveCfg = Release|Any CPU
		{EEAA4BF3-41D8-46D2-AA35-99435DE0303F}.Release|Any CPU.Build.0 = Release|Any CPU
		{1B60EE95-3B9D-40FB-9466-98D3F8E83E5B}.Debug|Any CPU.ActiveCfg = Debug|Any CPU
		{1B60EE95-3B9D-40FB-9466-98D3F8E83E5B}.Debug|Any CPU.Build.0 = Debug|Any CPU
		{1B60EE95-3B9D-40FB-9466-98D3F8E83E5B}.Release|Any CPU.ActiveCfg = Release|Any CPU
		{1B60EE95-3B9D-40FB-9466-98D3F8E83E5B}.Release|Any CPU.Build.0 = Release|Any CPU
		{2EB68B6A-1EE4-491F-B2C5-185BD2F69661}.Debug|Any CPU.ActiveCfg = Debug|Any CPU
		{2EB68B6A-1EE4-491F-B2C5-185BD2F69661}.Debug|Any CPU.Build.0 = Debug|Any CPU
		{2EB68B6A-1EE4-491F-B2C5-185BD2F69661}.Release|Any CPU.ActiveCfg = Release|Any CPU
		{2EB68B6A-1EE4-491F-B2C5-185BD2F69661}.Release|Any CPU.Build.0 = Release|Any CPU
		{030DE98C-A57E-4E5C-98C9-76FF251FD79E}.Debug|Any CPU.ActiveCfg = Debug|Any CPU
		{030DE98C-A57E-4E5C-98C9-76FF251FD79E}.Debug|Any CPU.Build.0 = Debug|Any CPU
		{030DE98C-A57E-4E5C-98C9-76FF251FD79E}.Release|Any CPU.ActiveCfg = Release|Any CPU
		{030DE98C-A57E-4E5C-98C9-76FF251FD79E}.Release|Any CPU.Build.0 = Release|Any CPU
	EndGlobalSection
	GlobalSection(SolutionProperties) = preSolution
		HideSolutionNode = FALSE
	EndGlobalSection
	GlobalSection(NestedProjects) = preSolution
		{EEAA4BF3-41D8-46D2-AA35-99435DE0303F} = {70AC01E0-29C1-4879-9CB9-08B0710D7F8E}
		{1B60EE95-3B9D-40FB-9466-98D3F8E83E5B} = {5E0BBE98-822A-496C-B6EE-1ED21F29418C}
		{2EB68B6A-1EE4-491F-B2C5-185BD2F69661} = {1163F46D-FB4B-4079-9372-B4850A2E5A15}
		{030DE98C-A57E-4E5C-98C9-76FF251FD79E} = {30860C21-EE6E-47D3-B62D-26BEAA8D1C5B}
	EndGlobalSection
	GlobalSection(ExtensibilityGlobals) = postSolution
		SolutionGuid = {35DDB550-07C3-42E5-ADB7-2C9A4A328250}
	EndGlobalSection
EndGlobal
