
Microsoft Visual Studio Solution File, Format Version 12.00
# Visual Studio Version 16
VisualStudioVersion = 16.0.30804.86
MinimumVisualStudioVersion = 10.0.40219.1
Project("{FAE04EC0-301F-11D3-BF4B-00C04F79EFBC}") = "TestingAssignment1", "Testing_Assignment_1\TestingAssignment1.csproj", "{4A48BDA1-0243-4C2E-BD63-83D6BDF5F2A0}"
EndProject
Project("{9A19103F-16F7-4668-BE54-9A1E7A4F7556}") = "UnitTestProject", "UnitTestProject\UnitTestProject.csproj", "{99FC9784-E6B4-4F07-A682-B4736842080B}"
EndProject
Global
	GlobalSection(SolutionConfigurationPlatforms) = preSolution
		Debug|Any CPU = Debug|Any CPU
		Release|Any CPU = Release|Any CPU
	EndGlobalSection
	GlobalSection(ProjectConfigurationPlatforms) = postSolution
		{4A48BDA1-0243-4C2E-BD63-83D6BDF5F2A0}.Debug|Any CPU.ActiveCfg = Debug|Any CPU
		{4A48BDA1-0243-4C2E-BD63-83D6BDF5F2A0}.Debug|Any CPU.Build.0 = Debug|Any CPU
		{4A48BDA1-0243-4C2E-BD63-83D6BDF5F2A0}.Release|Any CPU.ActiveCfg = Release|Any CPU
		{4A48BDA1-0243-4C2E-BD63-83D6BDF5F2A0}.Release|Any CPU.Build.0 = Release|Any CPU
		{99FC9784-E6B4-4F07-A682-B4736842080B}.Debug|Any CPU.ActiveCfg = Debug|Any CPU
		{99FC9784-E6B4-4F07-A682-B4736842080B}.Debug|Any CPU.Build.0 = Debug|Any CPU
		{99FC9784-E6B4-4F07-A682-B4736842080B}.Release|Any CPU.ActiveCfg = Release|Any CPU
		{99FC9784-E6B4-4F07-A682-B4736842080B}.Release|Any CPU.Build.0 = Release|Any CPU
	EndGlobalSection
	GlobalSection(SolutionProperties) = preSolution
		HideSolutionNode = FALSE
	EndGlobalSection
	GlobalSection(ExtensibilityGlobals) = postSolution
		SolutionGuid = {EC7EFAF2-BD9F-4AAE-8818-FCB619BC36BB}
	EndGlobalSection
EndGlobal
